// !$*UTF8*$!
{
	archiveVersion = 1;
	classes = {
	};
	objectVersion = 56;
	objects = {

/* Begin PBXBuildFile section */
		100000000000000000000001 /* JellyTranslateApp.swift in Sources */ = {isa = PBXBuildFile; fileRef = 200000000000000000000001 /* JellyTranslateApp.swift */; };
		100000000000000000000002 /* AppDelegate.swift in Sources */ = {isa = PBXBuildFile; fileRef = 200000000000000000000002 /* AppDelegate.swift */; };
		100000000000000000000003 /* AppSettings.swift in Sources */ = {isa = PBXBuildFile; fileRef = 200000000000000000000003 /* AppSettings.swift */; };
		100000000000000000000004 /* TranslationHistoryItem.swift in Sources */ = {isa = PBXBuildFile; fileRef = 200000000000000000000004 /* TranslationHistoryItem.swift */; };
		100000000000000000000005 /* TranslationProvider.swift in Sources */ = {isa = PBXBuildFile; fileRef = 200000000000000000000005 /* TranslationProvider.swift */; };
		100000000000000000000006 /* MockTranslationProvider.swift in Sources */ = {isa = PBXBuildFile; fileRef = 200000000000000000000006 /* MockTranslationProvider.swift */; };
		100000000000000000000007 /* OpenAITranslationProvider.swift in Sources */ = {isa = PBXBuildFile; fileRef = 200000000000000000000007 /* OpenAITranslationProvider.swift */; };
		100000000000000000000008 /* DeepLTranslationProvider.swift in Sources */ = {isa = PBXBuildFile; fileRef = 200000000000000000000008 /* DeepLTranslationProvider.swift */; };
		100000000000000000000009 /* TranslationProviderFactory.swift in Sources */ = {isa = PBXBuildFile; fileRef = 200000000000000000000009 /* TranslationProviderFactory.swift */; };
		10000000000000000000000A /* SettingsStore.swift in Sources */ = {isa = PBXBuildFile; fileRef = 20000000000000000000000A /* SettingsStore.swift */; };
		10000000000000000000000B /* HistoryStore.swift in Sources */ = {isa = PBXBuildFile; fileRef = 20000000000000000000000B /* HistoryStore.swift */; };
		10000000000000000000000C /* ClipboardService.swift in Sources */ = {isa = PBXBuildFile; fileRef = 20000000000000000000000C /* ClipboardService.swift */; };
		10000000000000000000000D /* SelectionReader.swift in Sources */ = {isa = PBXBuildFile; fileRef = 20000000000000000000000D /* SelectionReader.swift */; };
		10000000000000000000000E /* HotKeyManager.swift in Sources */ = {isa = PBXBuildFile; fileRef = 20000000000000000000000E /* HotKeyManager.swift */; };
		10000000000000000000000F /* ReplacementService.swift in Sources */ = {isa = PBXBuildFile; fileRef = 20000000000000000000000F /* ReplacementService.swift */; };
		100000000000000000000010 /* SpeechService.swift in Sources */ = {isa = PBXBuildFile; fileRef = 200000000000000000000010 /* SpeechService.swift */; };
		100000000000000000000011 /* PopupWindowController.swift in Sources */ = {isa = PBXBuildFile; fileRef = 200000000000000000000011 /* PopupWindowController.swift */; };
		100000000000000000000012 /* PopupView.swift in Sources */ = {isa = PBXBuildFile; fileRef = 200000000000000000000012 /* PopupView.swift */; };
		100000000000000000000013 /* SettingsView.swift in Sources */ = {isa = PBXBuildFile; fileRef = 200000000000000000000013 /* SettingsView.swift */; };
		100000000000000000000014 /* HistoryView.swift in Sources */ = {isa = PBXBuildFile; fileRef = 200000000000000000000014 /* HistoryView.swift */; };
		100000000000000000000015 /* OCRService.swift in Sources */ = {isa = PBXBuildFile; fileRef = 200000000000000000000015 /* OCRService.swift */; };
		100000000000000000000016 /* VisualEffectView.swift in Sources */ = {isa = PBXBuildFile; fileRef = 200000000000000000000016 /* VisualEffectView.swift */; };
		100000000000000000000017 /* Carbon.framework in Frameworks */ = {isa = PBXBuildFile; fileRef = 200000000000000000000017 /* Carbon.framework */; };
		100000000000000000000018 /* ApplicationServices.framework in Frameworks */ = {isa = PBXBuildFile; fileRef = 200000000000000000000018 /* ApplicationServices.framework */; };
		100000000000000000000019 /* AVFoundation.framework in Frameworks */ = {isa = PBXBuildFile; fileRef = 200000000000000000000021 /* AVFoundation.framework */; };
		10000000000000000000001A /* PopupPresentationState.swift in Sources */ = {isa = PBXBuildFile; fileRef = 200000000000000000000022 /* PopupPresentationState.swift */; };
		10000000000000000000001B /* PermissionService.swift in Sources */ = {isa = PBXBuildFile; fileRef = 200000000000000000000023 /* PermissionService.swift */; };
		10000000000000000000001C /* TranslationTimeout.swift in Sources */ = {isa = PBXBuildFile; fileRef = 200000000000000000000024 /* TranslationTimeout.swift */; };
		10000000000000000000001D /* LanguageOption.swift in Sources */ = {isa = PBXBuildFile; fileRef = 200000000000000000000025 /* LanguageOption.swift */; };
		10000000000000000000001E /* ProviderConfiguration.swift in Sources */ = {isa = PBXBuildFile; fileRef = 200000000000000000000026 /* ProviderConfiguration.swift */; };
		10000000000000000000001F /* KeychainService.swift in Sources */ = {isa = PBXBuildFile; fileRef = 200000000000000000000027 /* KeychainService.swift */; };
		100000000000000000000020 /* Security.framework in Frameworks */ = {isa = PBXBuildFile; fileRef = 200000000000000000000028 /* Security.framework */; };
		100000000000000000000021 /* CustomOpenAICompatibleProvider.swift in Sources */ = {isa = PBXBuildFile; fileRef = 200000000000000000000029 /* CustomOpenAICompatibleProvider.swift */; };
		100000000000000000000022 /* OnboardingStore.swift in Sources */ = {isa = PBXBuildFile; fileRef = 20000000000000000000002A /* OnboardingStore.swift */; };
		100000000000000000000023 /* OnboardingView.swift in Sources */ = {isa = PBXBuildFile; fileRef = 20000000000000000000002B /* OnboardingView.swift */; };
		100000000000000000000024 /* AppLanguage.swift in Sources */ = {isa = PBXBuildFile; fileRef = 20000000000000000000002C /* AppLanguage.swift */; };
		100000000000000000000025 /* LocalizationService.swift in Sources */ = {isa = PBXBuildFile; fileRef = 20000000000000000000002D /* LocalizationService.swift */; };
		100000000000000000000026 /* LibreTranslateProvider.swift in Sources */ = {isa = PBXBuildFile; fileRef = 20000000000000000000002E /* LibreTranslateProvider.swift */; };
		100000000000000000000027 /* MyMemoryTranslationProvider.swift in Sources */ = {isa = PBXBuildFile; fileRef = 20000000000000000000002F /* MyMemoryTranslationProvider.swift */; };
		100000000000000000000028 /* Assets.xcassets in Resources */ = {isa = PBXBuildFile; fileRef = 200000000000000000000030 /* Assets.xcassets */; };
		100000000000000000000029 /* AnalyticsService.swift in Sources */ = {isa = PBXBuildFile; fileRef = 200000000000000000000031 /* AnalyticsService.swift */; };
		10000000000000000000002A /* ProviderOptionCard.swift in Sources */ = {isa = PBXBuildFile; fileRef = 200000000000000000000032 /* ProviderOptionCard.swift */; };
		10000000000000000000002B /* UpdateService.swift in Sources */ = {isa = PBXBuildFile; fileRef = 200000000000000000000033 /* UpdateService.swift */; };
/* End PBXBuildFile section */

/* Begin PBXFileReference section */
		200000000000000000000001 /* JellyTranslateApp.swift */ = {isa = PBXFileReference; lastKnownFileType = sourcecode.swift; path = JellyTranslateApp.swift; sourceTree = "<group>"; };
		200000000000000000000002 /* AppDelegate.swift */ = {isa = PBXFileReference; lastKnownFileType = sourcecode.swift; path = AppDelegate.swift; sourceTree = "<group>"; };
		200000000000000000000003 /* AppSettings.swift */ = {isa = PBXFileReference; lastKnownFileType = sourcecode.swift; path = AppSettings.swift; sourceTree = "<group>"; };
		200000000000000000000004 /* TranslationHistoryItem.swift */ = {isa = PBXFileReference; lastKnownFileType = sourcecode.swift; path = TranslationHistoryItem.swift; sourceTree = "<group>"; };
		200000000000000000000005 /* TranslationProvider.swift */ = {isa = PBXFileReference; lastKnownFileType = sourcecode.swift; path = TranslationProvider.swift; sourceTree = "<group>"; };
		200000000000000000000006 /* MockTranslationProvider.swift */ = {isa = PBXFileReference; lastKnownFileType = sourcecode.swift; path = MockTranslationProvider.swift; sourceTree = "<group>"; };
		200000000000000000000007 /* OpenAITranslationProvider.swift */ = {isa = PBXFileReference; lastKnownFileType = sourcecode.swift; path = OpenAITranslationProvider.swift; sourceTree = "<group>"; };
		200000000000000000000008 /* DeepLTranslationProvider.swift */ = {isa = PBXFileReference; lastKnownFileType = sourcecode.swift; path = DeepLTranslationProvider.swift; sourceTree = "<group>"; };
		200000000000000000000009 /* TranslationProviderFactory.swift */ = {isa = PBXFileReference; lastKnownFileType = sourcecode.swift; path = TranslationProviderFactory.swift; sourceTree = "<group>"; };
		20000000000000000000000A /* SettingsStore.swift */ = {isa = PBXFileReference; lastKnownFileType = sourcecode.swift; path = SettingsStore.swift; sourceTree = "<group>"; };
		20000000000000000000000B /* HistoryStore.swift */ = {isa = PBXFileReference; lastKnownFileType = sourcecode.swift; path = HistoryStore.swift; sourceTree = "<group>"; };
		20000000000000000000000C /* ClipboardService.swift */ = {isa = PBXFileReference; lastKnownFileType = sourcecode.swift; path = ClipboardService.swift; sourceTree = "<group>"; };
		20000000000000000000000D /* SelectionReader.swift */ = {isa = PBXFileReference; lastKnownFileType = sourcecode.swift; path = SelectionReader.swift; sourceTree = "<group>"; };
		20000000000000000000000E /* HotKeyManager.swift */ = {isa = PBXFileReference; lastKnownFileType = sourcecode.swift; path = HotKeyManager.swift; sourceTree = "<group>"; };
		20000000000000000000000F /* ReplacementService.swift */ = {isa = PBXFileReference; lastKnownFileType = sourcecode.swift; path = ReplacementService.swift; sourceTree = "<group>"; };
		200000000000000000000010 /* SpeechService.swift */ = {isa = PBXFileReference; lastKnownFileType = sourcecode.swift; path = SpeechService.swift; sourceTree = "<group>"; };
		200000000000000000000011 /* PopupWindowController.swift */ = {isa = PBXFileReference; lastKnownFileType = sourcecode.swift; path = PopupWindowController.swift; sourceTree = "<group>"; };
		200000000000000000000012 /* PopupView.swift */ = {isa = PBXFileReference; lastKnownFileType = sourcecode.swift; path = PopupView.swift; sourceTree = "<group>"; };
		200000000000000000000013 /* SettingsView.swift */ = {isa = PBXFileReference; lastKnownFileType = sourcecode.swift; path = SettingsView.swift; sourceTree = "<group>"; };
		200000000000000000000014 /* HistoryView.swift */ = {isa = PBXFileReference; lastKnownFileType = sourcecode.swift; path = HistoryView.swift; sourceTree = "<group>"; };
		200000000000000000000015 /* OCRService.swift */ = {isa = PBXFileReference; lastKnownFileType = sourcecode.swift; path = OCRService.swift; sourceTree = "<group>"; };
		200000000000000000000016 /* VisualEffectView.swift */ = {isa = PBXFileReference; lastKnownFileType = sourcecode.swift; path = VisualEffectView.swift; sourceTree = "<group>"; };
		200000000000000000000017 /* Carbon.framework */ = {isa = PBXFileReference; lastKnownFileType = wrapper.framework; name = Carbon.framework; path = System/Library/Frameworks/Carbon.framework; sourceTree = SDKROOT; };
		200000000000000000000018 /* ApplicationServices.framework */ = {isa = PBXFileReference; lastKnownFileType = wrapper.framework; name = ApplicationServices.framework; path = System/Library/Frameworks/ApplicationServices.framework; sourceTree = SDKROOT; };
		200000000000000000000019 /* Info.plist */ = {isa = PBXFileReference; lastKnownFileType = text.plist.xml; path = Info.plist; sourceTree = "<group>"; };
		200000000000000000000020 /* JellyTranslate.app */ = {isa = PBXFileReference; explicitFileType = wrapper.application; includeInIndex = 0; path = JellyTranslate.app; sourceTree = BUILT_PRODUCTS_DIR; };
		200000000000000000000021 /* AVFoundation.framework */ = {isa = PBXFileReference; lastKnownFileType = wrapper.framework; name = AVFoundation.framework; path = System/Library/Frameworks/AVFoundation.framework; sourceTree = SDKROOT; };
		200000000000000000000022 /* PopupPresentationState.swift */ = {isa = PBXFileReference; lastKnownFileType = sourcecode.swift; path = PopupPresentationState.swift; sourceTree = "<group>"; };
		200000000000000000000023 /* PermissionService.swift */ = {isa = PBXFileReference; lastKnownFileType = sourcecode.swift; path = PermissionService.swift; sourceTree = "<group>"; };
		200000000000000000000024 /* TranslationTimeout.swift */ = {isa = PBXFileReference; lastKnownFileType = sourcecode.swift; path = TranslationTimeout.swift; sourceTree = "<group>"; };
		200000000000000000000025 /* LanguageOption.swift */ = {isa = PBXFileReference; lastKnownFileType = sourcecode.swift; path = LanguageOption.swift; sourceTree = "<group>"; };
		200000000000000000000026 /* ProviderConfiguration.swift */ = {isa = PBXFileReference; lastKnownFileType = sourcecode.swift; path = ProviderConfiguration.swift; sourceTree = "<group>"; };
		200000000000000000000027 /* KeychainService.swift */ = {isa = PBXFileReference; lastKnownFileType = sourcecode.swift; path = KeychainService.swift; sourceTree = "<group>"; };
		200000000000000000000028 /* Security.framework */ = {isa = PBXFileReference; lastKnownFileType = wrapper.framework; name = Security.framework; path = System/Library/Frameworks/Security.framework; sourceTree = SDKROOT; };
		200000000000000000000029 /* CustomOpenAICompatibleProvider.swift */ = {isa = PBXFileReference; lastKnownFileType = sourcecode.swift; path = CustomOpenAICompatibleProvider.swift; sourceTree = "<group>"; };
		20000000000000000000002A /* OnboardingStore.swift */ = {isa = PBXFileReference; lastKnownFileType = sourcecode.swift; path = OnboardingStore.swift; sourceTree = "<group>"; };
		20000000000000000000002B /* OnboardingView.swift */ = {isa = PBXFileReference; lastKnownFileType = sourcecode.swift; path = OnboardingView.swift; sourceTree = "<group>"; };
		20000000000000000000002C /* AppLanguage.swift */ = {isa = PBXFileReference; lastKnownFileType = sourcecode.swift; path = AppLanguage.swift; sourceTree = "<group>"; };
		20000000000000000000002D /* LocalizationService.swift */ = {isa = PBXFileReference; lastKnownFileType = sourcecode.swift; path = LocalizationService.swift; sourceTree = "<group>"; };
		20000000000000000000002E /* LibreTranslateProvider.swift */ = {isa = PBXFileReference; lastKnownFileType = sourcecode.swift; path = LibreTranslateProvider.swift; sourceTree = "<group>"; };
		20000000000000000000002F /* MyMemoryTranslationProvider.swift */ = {isa = PBXFileReference; lastKnownFileType = sourcecode.swift; path = MyMemoryTranslationProvider.swift; sourceTree = "<group>"; };
		200000000000000000000033 /* UpdateService.swift */ = {isa = PBXFileReference; lastKnownFileType = sourcecode.swift; path = UpdateService.swift; sourceTree = "<group>"; };
		200000000000000000000030 /* Assets.xcassets */ = {isa = PBXFileReference; lastKnownFileType = folder.assetcatalog; path = Assets.xcassets; sourceTree = "<group>"; };
		200000000000000000000031 /* AnalyticsService.swift */ = {isa = PBXFileReference; lastKnownFileType = sourcecode.swift; path = AnalyticsService.swift; sourceTree = "<group>"; };
		200000000000000000000032 /* ProviderOptionCard.swift */ = {isa = PBXFileReference; lastKnownFileType = sourcecode.swift; path = ProviderOptionCard.swift; sourceTree = "<group>"; };
/* End PBXFileReference section */

/* Begin PBXFrameworksBuildPhase section */
		300000000000000000000001 /* Frameworks */ = {
			isa = PBXFrameworksBuildPhase;
			buildActionMask = 2147483647;
			files = (
				100000000000000000000017 /* Carbon.framework in Frameworks */,
				100000000000000000000018 /* ApplicationServices.framework in Frameworks */,
				100000000000000000000019 /* AVFoundation.framework in Frameworks */,
				100000000000000000000020 /* Security.framework in Frameworks */,
			);
			runOnlyForDeploymentPostprocessing = 0;
		};
/* End PBXFrameworksBuildPhase section */

/* Begin PBXGroup section */
		400000000000000000000001 = {
			isa = PBXGroup;
			children = (
				400000000000000000000002 /* JellyTranslate */,
				40000000000000000000000B /* Frameworks */,
				40000000000000000000000C /* Products */,
			);
			sourceTree = "<group>";
		};
		400000000000000000000002 /* JellyTranslate */ = {
			isa = PBXGroup;
			children = (
				400000000000000000000003 /* App */,
				400000000000000000000004 /* Models */,
				400000000000000000000005 /* Providers */,
				400000000000000000000006 /* Services */,
				400000000000000000000007 /* Storage */,
				400000000000000000000008 /* UI */,
				400000000000000000000009 /* OCR */,
				40000000000000000000000A /* Resources */,
			);
			path = JellyTranslate;
			sourceTree = "<group>";
		};
		400000000000000000000003 /* App */ = {
			isa = PBXGroup;
			children = (
				200000000000000000000001 /* JellyTranslateApp.swift */,
				200000000000000000000002 /* AppDelegate.swift */,
			);
			path = App;
			sourceTree = "<group>";
		};
		400000000000000000000004 /* Models */ = {
			isa = PBXGroup;
			children = (
				200000000000000000000003 /* AppSettings.swift */,
				20000000000000000000002C /* AppLanguage.swift */,
				200000000000000000000004 /* TranslationHistoryItem.swift */,
				200000000000000000000025 /* LanguageOption.swift */,
			);
			path = Models;
			sourceTree = "<group>";
		};
		400000000000000000000005 /* Providers */ = {
			isa = PBXGroup;
			children = (
				200000000000000000000005 /* TranslationProvider.swift */,
				200000000000000000000006 /* MockTranslationProvider.swift */,
				200000000000000000000007 /* OpenAITranslationProvider.swift */,
				200000000000000000000029 /* CustomOpenAICompatibleProvider.swift */,
				20000000000000000000002E /* LibreTranslateProvider.swift */,
				20000000000000000000002F /* MyMemoryTranslationProvider.swift */,
				200000000000000000000008 /* DeepLTranslationProvider.swift */,
				200000000000000000000009 /* TranslationProviderFactory.swift */,
				200000000000000000000026 /* ProviderConfiguration.swift */,
			);
			path = Providers;
			sourceTree = "<group>";
		};
		400000000000000000000006 /* Services */ = {
			isa = PBXGroup;
			children = (
				20000000000000000000000C /* ClipboardService.swift */,
				20000000000000000000000D /* SelectionReader.swift */,
				20000000000000000000000E /* HotKeyManager.swift */,
				20000000000000000000000F /* ReplacementService.swift */,
				200000000000000000000010 /* SpeechService.swift */,
				200000000000000000000023 /* PermissionService.swift */,
				200000000000000000000024 /* TranslationTimeout.swift */,
				20000000000000000000002D /* LocalizationService.swift */,
				200000000000000000000031 /* AnalyticsService.swift */,
				200000000000000000000033 /* UpdateService.swift */,
			);
			path = Services;
			sourceTree = "<group>";
		};
		400000000000000000000007 /* Storage */ = {
			isa = PBXGroup;
			children = (
				20000000000000000000000A /* SettingsStore.swift */,
				20000000000000000000000B /* HistoryStore.swift */,
				200000000000000000000027 /* KeychainService.swift */,
				20000000000000000000002A /* OnboardingStore.swift */,
			);
			path = Storage;
			sourceTree = "<group>";
		};
		400000000000000000000008 /* UI */ = {
			isa = PBXGroup;
			children = (
				200000000000000000000011 /* PopupWindowController.swift */,
				200000000000000000000012 /* PopupView.swift */,
				200000000000000000000013 /* SettingsView.swift */,
				200000000000000000000014 /* HistoryView.swift */,
				20000000000000000000002B /* OnboardingView.swift */,
				200000000000000000000032 /* ProviderOptionCard.swift */,
				200000000000000000000016 /* VisualEffectView.swift */,
				200000000000000000000022 /* PopupPresentationState.swift */,
			);
			path = UI;
			sourceTree = "<group>";
		};
		400000000000000000000009 /* OCR */ = {
			isa = PBXGroup;
			children = (
				200000000000000000000015 /* OCRService.swift */,
			);
			path = OCR;
			sourceTree = "<group>";
		};
		40000000000000000000000A /* Resources */ = {
			isa = PBXGroup;
			children = (
				200000000000000000000019 /* Info.plist */,
				200000000000000000000030 /* Assets.xcassets */,
			);
			path = Resources;
			sourceTree = "<group>";
		};
		40000000000000000000000B /* Frameworks */ = {
			isa = PBXGroup;
			children = (
				200000000000000000000017 /* Carbon.framework */,
				200000000000000000000018 /* ApplicationServices.framework */,
				200000000000000000000021 /* AVFoundation.framework */,
				200000000000000000000028 /* Security.framework */,
			);
			name = Frameworks;
			sourceTree = "<group>";
		};
		40000000000000000000000C /* Products */ = {
			isa = PBXGroup;
			children = (
				200000000000000000000020 /* JellyTranslate.app */,
			);
			name = Products;
			sourceTree = "<group>";
		};
/* End PBXGroup section */

/* Begin PBXNativeTarget section */
		500000000000000000000001 /* JellyTranslate */ = {
			isa = PBXNativeTarget;
			buildConfigurationList = 900000000000000000000002 /* Build configuration list for PBXNativeTarget "JellyTranslate" */;
			buildPhases = (
				700000000000000000000001 /* Sources */,
				700000000000000000000002 /* Resources */,
				300000000000000000000001 /* Frameworks */,
			);
			buildRules = (
			);
			dependencies = (
			);
			name = JellyTranslate;
			productName = JellyTranslate;
			productReference = 200000000000000000000020 /* JellyTranslate.app */;
			productType = "com.apple.product-type.application";
		};
/* End PBXNativeTarget section */

/* Begin PBXProject section */
		600000000000000000000001 /* Project object */ = {
			isa = PBXProject;
			attributes = {
				BuildIndependentTargetsInParallel = 1;
				LastSwiftUpdateCheck = 1600;
				LastUpgradeCheck = 1600;
				TargetAttributes = {
					500000000000000000000001 = {
						CreatedOnToolsVersion = 16.0;
					};
				};
			};
			buildConfigurationList = 900000000000000000000001 /* Build configuration list for PBXProject "JellyTranslate" */;
			compatibilityVersion = "Xcode 14.0";
			developmentRegion = en;
			hasScannedForEncodings = 0;
			knownRegions = (
				en,
				Base,
			);
			mainGroup = 400000000000000000000001;
			productRefGroup = 40000000000000000000000C /* Products */;
			projectDirPath = "";
			projectRoot = "";
			targets = (
				500000000000000000000001 /* JellyTranslate */,
			);
		};
/* End PBXProject section */

/* Begin PBXResourcesBuildPhase section */
		700000000000000000000002 /* Resources */ = {
			isa = PBXResourcesBuildPhase;
			buildActionMask = 2147483647;
			files = (
				100000000000000000000028 /* Assets.xcassets in Resources */,
			);
			runOnlyForDeploymentPostprocessing = 0;
		};
/* End PBXResourcesBuildPhase section */

/* Begin PBXSourcesBuildPhase section */
		700000000000000000000001 /* Sources */ = {
			isa = PBXSourcesBuildPhase;
			buildActionMask = 2147483647;
			files = (
				100000000000000000000001 /* JellyTranslateApp.swift in Sources */,
				100000000000000000000002 /* AppDelegate.swift in Sources */,
				100000000000000000000003 /* AppSettings.swift in Sources */,
				100000000000000000000004 /* TranslationHistoryItem.swift in Sources */,
				100000000000000000000005 /* TranslationProvider.swift in Sources */,
				100000000000000000000006 /* MockTranslationProvider.swift in Sources */,
				100000000000000000000007 /* OpenAITranslationProvider.swift in Sources */,
				100000000000000000000008 /* DeepLTranslationProvider.swift in Sources */,
				100000000000000000000009 /* TranslationProviderFactory.swift in Sources */,
				10000000000000000000000A /* SettingsStore.swift in Sources */,
				10000000000000000000000B /* HistoryStore.swift in Sources */,
				10000000000000000000000C /* ClipboardService.swift in Sources */,
				10000000000000000000000D /* SelectionReader.swift in Sources */,
				10000000000000000000000E /* HotKeyManager.swift in Sources */,
				10000000000000000000000F /* ReplacementService.swift in Sources */,
				100000000000000000000010 /* SpeechService.swift in Sources */,
				100000000000000000000011 /* PopupWindowController.swift in Sources */,
				100000000000000000000012 /* PopupView.swift in Sources */,
				100000000000000000000013 /* SettingsView.swift in Sources */,
				100000000000000000000014 /* HistoryView.swift in Sources */,
				100000000000000000000015 /* OCRService.swift in Sources */,
				100000000000000000000016 /* VisualEffectView.swift in Sources */,
				10000000000000000000001A /* PopupPresentationState.swift in Sources */,
				10000000000000000000001B /* PermissionService.swift in Sources */,
				10000000000000000000001C /* TranslationTimeout.swift in Sources */,
				10000000000000000000001D /* LanguageOption.swift in Sources */,
				10000000000000000000001E /* ProviderConfiguration.swift in Sources */,
				10000000000000000000001F /* KeychainService.swift in Sources */,
				100000000000000000000021 /* CustomOpenAICompatibleProvider.swift in Sources */,
				100000000000000000000022 /* OnboardingStore.swift in Sources */,
				100000000000000000000023 /* OnboardingView.swift in Sources */,
				100000000000000000000024 /* AppLanguage.swift in Sources */,
				100000000000000000000025 /* LocalizationService.swift in Sources */,
				100000000000000000000026 /* LibreTranslateProvider.swift in Sources */,
				100000000000000000000027 /* MyMemoryTranslationProvider.swift in Sources */,
				100000000000000000000029 /* AnalyticsService.swift in Sources */,
				10000000000000000000002A /* ProviderOptionCard.swift in Sources */,
				10000000000000000000002B /* UpdateService.swift in Sources */,
			);
			runOnlyForDeploymentPostprocessing = 0;
		};
/* End PBXSourcesBuildPhase section */

/* Begin XCBuildConfiguration section */
		800000000000000000000001 /* Debug */ = {
			isa = XCBuildConfiguration;
			buildSettings = {
				ALWAYS_SEARCH_USER_PATHS = NO;
				CLANG_ANALYZER_NONNULL = YES;
				CLANG_ANALYZER_NUMBER_OBJECT_CONVERSION = YES_AGGRESSIVE;
				CLANG_CXX_LANGUAGE_STANDARD = "gnu++20";
				CLANG_ENABLE_MODULES = YES;
				CLANG_ENABLE_OBJC_ARC = YES;
				CLANG_ENABLE_OBJC_WEAK = YES;
				CLANG_WARN_BLOCK_CAPTURE_AUTORELEASING = YES;
				CLANG_WARN_BOOL_CONVERSION = YES;
				CLANG_WARN_COMMA = YES;
				CLANG_WARN_CONSTANT_CONVERSION = YES;
				CLANG_WARN_DEPRECATED_OBJC_IMPLEMENTATIONS = YES;
				CLANG_WARN_DIRECT_OBJC_ISA_USAGE = YES_ERROR;
				CLANG_WARN_DOCUMENTATION_COMMENTS = YES;
				CLANG_WARN_EMPTY_BODY = YES;
				CLANG_WARN_ENUM_CONVERSION = YES;
				CLANG_WARN_INFINITE_RECURSION = YES;
				CLANG_WARN_INT_CONVERSION = YES;
				CLANG_WARN_NON_LITERAL_NULL_CONVERSION = YES;
				CLANG_WARN_OBJC_IMPLICIT_RETAIN_SELF = YES;
				CLANG_WARN_OBJC_LITERAL_CONVERSION = YES;
				CLANG_WARN_OBJC_ROOT_CLASS = YES_ERROR;
				CLANG_WARN_QUOTED_INCLUDE_IN_FRAMEWORK_HEADER = YES;
				CLANG_WARN_RANGE_LOOP_ANALYSIS = YES;
				CLANG_WARN_STRICT_PROTOTYPES = YES;
				CLANG_WARN_SUSPICIOUS_MOVE = YES;
				CLANG_WARN_UNGUARDED_AVAILABILITY = YES_AGGRESSIVE;
				CLANG_WARN_UNREACHABLE_CODE = YES;
				CLANG_WARN__DUPLICATE_METHOD_MATCH = YES;
				COPY_PHASE_STRIP = NO;
				DEBUG_INFORMATION_FORMAT = dwarf;
				ENABLE_STRICT_OBJC_MSGSEND = YES;
				ENABLE_TESTABILITY = YES;
				ENABLE_USER_SCRIPT_SANDBOXING = YES;
				GCC_C_LANGUAGE_STANDARD = gnu17;
				GCC_DYNAMIC_NO_PIC = NO;
				GCC_NO_COMMON_BLOCKS = YES;
				GCC_OPTIMIZATION_LEVEL = 0;
				GCC_PREPROCESSOR_DEFINITIONS = (
					"DEBUG=1",
					"$(inherited)",
				);
				GCC_WARN_64_TO_32_BIT_CONVERSION = YES;
				GCC_WARN_ABOUT_RETURN_TYPE = YES_ERROR;
				GCC_WARN_UNDECLARED_SELECTOR = YES;
				GCC_WARN_UNINITIALIZED_AUTOS = YES_AGGRESSIVE;
				GCC_WARN_UNUSED_FUNCTION = YES;
				GCC_WARN_UNUSED_VARIABLE = YES;
				MACOSX_DEPLOYMENT_TARGET = 14.0;
				MTL_ENABLE_DEBUG_INFO = INCLUDE_SOURCE;
				MTL_FAST_MATH = YES;
				ONLY_ACTIVE_ARCH = YES;
				SDKROOT = macosx;
				SWIFT_ACTIVE_COMPILATION_CONDITIONS = DEBUG;
				SWIFT_OPTIMIZATION_LEVEL = "-Onone";
			};
			name = Debug;
		};
		800000000000000000000002 /* Release */ = {
			isa = XCBuildConfiguration;
			buildSettings = {
				ALWAYS_SEARCH_USER_PATHS = NO;
				CLANG_ANALYZER_NONNULL = YES;
				CLANG_ANALYZER_NUMBER_OBJECT_CONVERSION = YES_AGGRESSIVE;
				CLANG_CXX_LANGUAGE_STANDARD = "gnu++20";
				CLANG_ENABLE_MODULES = YES;
				CLANG_ENABLE_OBJC_ARC = YES;
				CLANG_ENABLE_OBJC_WEAK = YES;
				CLANG_WARN_BLOCK_CAPTURE_AUTORELEASING = YES;
				CLANG_WARN_BOOL_CONVERSION = YES;
				CLANG_WARN_COMMA = YES;
				CLANG_WARN_CONSTANT_CONVERSION = YES;
				CLANG_WARN_DEPRECATED_OBJC_IMPLEMENTATIONS = YES;
				CLANG_WARN_DIRECT_OBJC_ISA_USAGE = YES_ERROR;
				CLANG_WARN_DOCUMENTATION_COMMENTS = YES;
				CLANG_WARN_EMPTY_BODY = YES;
				CLANG_WARN_ENUM_CONVERSION = YES;
				CLANG_WARN_INFINITE_RECURSION = YES;
				CLANG_WARN_INT_CONVERSION = YES;
				CLANG_WARN_NON_LITERAL_NULL_CONVERSION = YES;
				CLANG_WARN_OBJC_IMPLICIT_RETAIN_SELF = YES;
				CLANG_WARN_OBJC_LITERAL_CONVERSION = YES;
				CLANG_WARN_OBJC_ROOT_CLASS = YES_ERROR;
				CLANG_WARN_QUOTED_INCLUDE_IN_FRAMEWORK_HEADER = YES;
				CLANG_WARN_RANGE_LOOP_ANALYSIS = YES;
				CLANG_WARN_STRICT_PROTOTYPES = YES;
				CLANG_WARN_SUSPICIOUS_MOVE = YES;
				CLANG_WARN_UNGUARDED_AVAILABILITY = YES_AGGRESSIVE;
				CLANG_WARN_UNREACHABLE_CODE = YES;
				CLANG_WARN__DUPLICATE_METHOD_MATCH = YES;
				COPY_PHASE_STRIP = NO;
				DEBUG_INFORMATION_FORMAT = "dwarf-with-dsym";
				ENABLE_NS_ASSERTIONS = NO;
				ENABLE_STRICT_OBJC_MSGSEND = YES;
				ENABLE_USER_SCRIPT_SANDBOXING = YES;
				GCC_C_LANGUAGE_STANDARD = gnu17;
				GCC_NO_COMMON_BLOCKS = YES;
				GCC_WARN_64_TO_32_BIT_CONVERSION = YES;
				GCC_WARN_ABOUT_RETURN_TYPE = YES_ERROR;
				GCC_WARN_UNDECLARED_SELECTOR = YES;
				GCC_WARN_UNINITIALIZED_AUTOS = YES_AGGRESSIVE;
				GCC_WARN_UNUSED_FUNCTION = YES;
				GCC_WARN_UNUSED_VARIABLE = YES;
				MACOSX_DEPLOYMENT_TARGET = 14.0;
				MTL_ENABLE_DEBUG_INFO = NO;
				MTL_FAST_MATH = YES;
				SDKROOT = macosx;
				SWIFT_COMPILATION_MODE = wholemodule;
			};
			name = Release;
		};
		800000000000000000000003 /* Debug */ = {
			isa = XCBuildConfiguration;
			buildSettings = {
				ASSETCATALOG_COMPILER_APPICON_NAME = AppIcon;
				CODE_SIGN_STYLE = Automatic;
				COMBINE_HIDPI_IMAGES = YES;
				CURRENT_PROJECT_VERSION = 1;
				DEVELOPMENT_ASSET_PATHS = "";
				ENABLE_HARDENED_RUNTIME = YES;
				GENERATE_INFOPLIST_FILE = NO;
				INFOPLIST_FILE = JellyTranslate/Resources/Info.plist;
				LD_RUNPATH_SEARCH_PATHS = (
					"$(inherited)",
					"@executable_path/../Frameworks",
				);
				MARKETING_VERSION = 1.0;
				PRODUCT_BUNDLE_IDENTIFIER = app.jellytranslate.JellyTranslate;
				PRODUCT_NAME = JellyTranslate;
				SWIFT_EMIT_LOC_STRINGS = YES;
				SWIFT_VERSION = 5.0;
			};
			name = Debug;
		};
		800000000000000000000004 /* Release */ = {
			isa = XCBuildConfiguration;
			buildSettings = {
				ASSETCATALOG_COMPILER_APPICON_NAME = AppIcon;
				CODE_SIGN_STYLE = Automatic;
				COMBINE_HIDPI_IMAGES = YES;
				CURRENT_PROJECT_VERSION = 1;
				DEVELOPMENT_ASSET_PATHS = "";
				ENABLE_HARDENED_RUNTIME = YES;
				GENERATE_INFOPLIST_FILE = NO;
				INFOPLIST_FILE = JellyTranslate/Resources/Info.plist;
				LD_RUNPATH_SEARCH_PATHS = (
					"$(inherited)",
					"@executable_path/../Frameworks",
				);
				MARKETING_VERSION = 1.0;
				PRODUCT_BUNDLE_IDENTIFIER = app.jellytranslate.JellyTranslate;
				PRODUCT_NAME = JellyTranslate;
				SWIFT_EMIT_LOC_STRINGS = YES;
				SWIFT_VERSION = 5.0;
			};
			name = Release;
		};
/* End XCBuildConfiguration section */

/* Begin XCConfigurationList section */
		900000000000000000000001 /* Build configuration list for PBXProject "JellyTranslate" */ = {
			isa = XCConfigurationList;
			buildConfigurations = (
				800000000000000000000001 /* Debug */,
				800000000000000000000002 /* Release */,
			);
			defaultConfigurationIsVisible = 0;
			defaultConfigurationName = Release;
		};
		900000000000000000000002 /* Build configuration list for PBXNativeTarget "JellyTranslate" */ = {
			isa = XCConfigurationList;
			buildConfigurations = (
				800000000000000000000003 /* Debug */,
				800000000000000000000004 /* Release */,
			);
			defaultConfigurationIsVisible = 0;
			defaultConfigurationName = Release;
		};
/* End XCConfigurationList section */
	};
	rootObject = 600000000000000000000001 /* Project object */;
}
